
Microsoft Visual Studio Solution File, Format Version 12.00
# Visual Studio Version 17
VisualStudioVersion = 17.3.32901.215
MinimumVisualStudioVersion = 10.0.40219.1
Project("{FAE04EC0-301F-11D3-BF4B-00C04F79EFBC}") = "Aesir Dev Pack", "Aesir Dev Pack.csproj", "{DC38D39A-CCD8-4AE8-98F0-504A0A3DAE55}"
EndProject
Global
	GlobalSection(SolutionConfigurationPlatforms) = preSolution
		Debug|Any CPU = Debug|Any CPU
		Release|Any CPU = Release|Any CPU
	EndGlobalSection
	GlobalSection(ProjectConfigurationPlatforms) = postSolution
		{DC38D39A-CCD8-4AE8-98F0-504A0A3DAE55}.Debug|Any CPU.ActiveCfg = Debug|Any CPU
		{DC38D39A-CCD8-4AE8-98F0-504A0A3DAE55}.Debug|Any CPU.Build.0 = Debug|Any CPU
		{DC38D39A-CCD8-4AE8-98F0-504A0A3DAE55}.Release|Any CPU.ActiveCfg = Release|Any CPU
		{DC38D39A-CCD8-4AE8-98F0-504A0A3DAE55}.Release|Any CPU.Build.0 = Release|Any CPU
	EndGlobalSection
	GlobalSection(SolutionProperties) = preSolution
		HideSolutionNode = FALSE
	EndGlobalSection
	GlobalSection(ExtensibilityGlobals) = postSolution
		SolutionGuid = {F32A57AB-2EC3-4BF7-BF69-CCB8BF8BE2FA}
	EndGlobalSection
EndGlobal
